
Microsoft Visual Studio Solution File, Format Version 12.00
# Visual Studio Version 16
VisualStudioVersion = 16.0.31205.134
MinimumVisualStudioVersion = 10.0.40219.1
Project("{FAE04EC0-301F-11D3-BF4B-00C04F79EFBC}") = "Starfighter", "Starfighter.csproj", "{296B249D-2419-484B-893E-C9F618BFBCEF}"
EndProject
Global
	GlobalSection(SolutionConfigurationPlatforms) = preSolution
		Debug|Any CPU = Debug|Any CPU
		Release|Any CPU = Release|Any CPU
	EndGlobalSection
	GlobalSection(ProjectConfigurationPlatforms) = postSolution
		{296B249D-2419-484B-893E-C9F618BFBCEF}.Debug|Any CPU.ActiveCfg = Debug|Any CPU
		{296B249D-2419-484B-893E-C9F618BFBCEF}.Debug|Any CPU.Build.0 = Debug|Any CPU
		{296B249D-2419-484B-893E-C9F618BFBCEF}.Release|Any CPU.ActiveCfg = Release|Any CPU
		{296B249D-2419-484B-893E-C9F618BFBCEF}.Release|Any CPU.Build.0 = Release|Any CPU
	EndGlobalSection
	GlobalSection(SolutionProperties) = preSolution
		HideSolutionNode = FALSE
	EndGlobalSection
	GlobalSection(ExtensibilityGlobals) = postSolution
		SolutionGuid = {A2A1B89C-2B40-4A22-A66F-22ADF4708896}
	EndGlobalSection
EndGlobal
